{
  "name": "example",
  "version": "1.0.0",
  "lockfileVersion": 1,
  "requires": true,
  "dependencies": {
    "backrem": {
      "version": "1.0.0",
      "resolved": "https://registry.npmjs.org/backrem/-/backrem-1.0.0.tgz",
      "integrity": "sha512-qmWd/8opdxpixLpaJ/d43pMW5FdP3aBW4FIc9xbVMmt+QnHhXl+SN/c08VocvSn3jUJiiD869G+d7Sq7rh1U7Q=="
    }
  }
}
