{
  "name": "example",
  "version": "1.0.0",
  "lockfileVersion": 1,
  "requires": true,
  "dependencies": {
    "backrem": {
      "version": "1.0.3",
      "resolved": "https://registry.npmjs.org/backrem/-/backrem-1.0.3.tgz",
      "integrity": "sha512-b8hM5d+4hDGQWhmuE2PqNcWLMrCuN5WwLjJbIOCBzEKOZRv/S8FkY+b2mIbz6K061r/GLuZekkeIjithxgxRkg==",
      "dev": true
    }
  }
}
