{
  "name": "example",
  "version": "1.0.0",
  "lockfileVersion": 1,
  "requires": true,
  "dependencies": {
    "backrem": {
      "version": "1.0.1",
      "resolved": "https://registry.npmjs.org/backrem/-/backrem-1.0.1.tgz",
      "integrity": "sha512-qFckcM6FyVlEs5BZTpnD6Mn/b8MWHeGZu/59pYVOJzOhWivY5EBQNdizRv1GY/cPWheyZPjPP4w1LH7RdSmT/g==",
      "dev": true
    }
  }
}
